
Microsoft Visual Studio Solution File, Format Version 12.00
# Visual Studio Version 17
VisualStudioVersion = 17.14.37012.4 d17.14
MinimumVisualStudioVersion = 10.0.40219.1
Project("{FAE04EC0-301F-11D3-BF4B-00C04F79EFBC}") = "TestTypingSpeeds1", "TestTypingSpeeds1.csproj", "{D53B8DF9-D057-45F9-87BE-74C6704CC823}"
EndProject
Global
	GlobalSection(SolutionConfigurationPlatforms) = preSolution
		Debug|Any CPU = Debug|Any CPU
		Release|Any CPU = Release|Any CPU
	EndGlobalSection
	GlobalSection(ProjectConfigurationPlatforms) = postSolution
		{D53B8DF9-D057-45F9-87BE-74C6704CC823}.Debug|Any CPU.ActiveCfg = Debug|Any CPU
		{D53B8DF9-D057-45F9-87BE-74C6704CC823}.Debug|Any CPU.Build.0 = Debug|Any CPU
		{D53B8DF9-D057-45F9-87BE-74C6704CC823}.Release|Any CPU.ActiveCfg = Release|Any CPU
		{D53B8DF9-D057-45F9-87BE-74C6704CC823}.Release|Any CPU.Build.0 = Release|Any CPU
	EndGlobalSection
	GlobalSection(SolutionProperties) = preSolution
		HideSolutionNode = FALSE
	EndGlobalSection
	GlobalSection(ExtensibilityGlobals) = postSolution
		SolutionGuid = {09B9181E-D07A-4F49-92C9-00A2216034B2}
	EndGlobalSection
EndGlobal
